
Microsoft Visual Studio Solution File, Format Version 12.00
# Visual Studio Version 16
VisualStudioVersion = 16.0.33927.289
MinimumVisualStudioVersion = 10.0.40219.1
Project("{FAE04EC0-301F-11D3-BF4B-00C04F79EFBC}") = "HerIsCepteAdmin", "HerIsCepteAdmin\HerIsCepteAdmin.csproj", "{97289FD9-2A41-4511-ABEA-F0AC47E68B5F}"
EndProject
Global
	GlobalSection(SolutionConfigurationPlatforms) = preSolution
		Debug|Any CPU = Debug|Any CPU
		Release|Any CPU = Release|Any CPU
	EndGlobalSection
	GlobalSection(ProjectConfigurationPlatforms) = postSolution
		{97289FD9-2A41-4511-ABEA-F0AC47E68B5F}.Debug|Any CPU.ActiveCfg = Debug|Any CPU
		{97289FD9-2A41-4511-ABEA-F0AC47E68B5F}.Debug|Any CPU.Build.0 = Debug|Any CPU
		{97289FD9-2A41-4511-ABEA-F0AC47E68B5F}.Release|Any CPU.ActiveCfg = Release|Any CPU
		{97289FD9-2A41-4511-ABEA-F0AC47E68B5F}.Release|Any CPU.Build.0 = Release|Any CPU
	EndGlobalSection
	GlobalSection(SolutionProperties) = preSolution
		HideSolutionNode = FALSE
	EndGlobalSection
	GlobalSection(ExtensibilityGlobals) = postSolution
		SolutionGuid = {1B04A353-5AC5-465B-9076-42DEBCBB3171}
	EndGlobalSection
EndGlobal
